// !$*UTF8*$!
{
	archiveVersion = 1;
	classes = {
	};
	objectVersion = 50;
	objects = {

/* Begin PBXBuildFile section */
		6FD803F32123766500528531 /* AppDelegate.swift in Sources */ = {isa = PBXBuildFile; fileRef = 6FD803F22123766500528531 /* AppDelegate.swift */; };
		6FD803FA2123766700528531 /* Assets.xcassets in Resources */ = {isa = PBXBuildFile; fileRef = 6FD803F92123766700528531 /* Assets.xcassets */; };
		6FD803FD2123766700528531 /* LaunchScreen.storyboard in Resources */ = {isa = PBXBuildFile; fileRef = 6FD803FB2123766700528531 /* LaunchScreen.storyboard */; };
		6FD804082123766800528531 /* HowtoVoteTests.swift in Sources */ = {isa = PBXBuildFile; fileRef = 6FD804072123766800528531 /* HowtoVoteTests.swift */; };
		6FD804132123766800528531 /* HowtoVoteUITests.swift in Sources */ = {isa = PBXBuildFile; fileRef = 6FD804122123766800528531 /* HowtoVoteUITests.swift */; };
		6FD804232123773E00528531 /* SearchByAddressVC.swift in Sources */ = {isa = PBXBuildFile; fileRef = 6FD804222123773E00528531 /* SearchByAddressVC.swift */; };
		6FD804242123773E00528531 /* SearchByAddressVC.swift in Sources */ = {isa = PBXBuildFile; fileRef = 6FD804222123773E00528531 /* SearchByAddressVC.swift */; };
		6FD804252123773E00528531 /* SearchByAddressVC.swift in Sources */ = {isa = PBXBuildFile; fileRef = 6FD804222123773E00528531 /* SearchByAddressVC.swift */; };
/* End PBXBuildFile section */

/* Begin PBXContainerItemProxy section */
		6FD804042123766800528531 /* PBXContainerItemProxy */ = {
			isa = PBXContainerItemProxy;
			containerPortal = 6FD803E72123766500528531 /* Project object */;
			proxyType = 1;
			remoteGlobalIDString = 6FD803EE2123766500528531;
			remoteInfo = HowtoVote;
		};
		6FD8040F2123766800528531 /* PBXContainerItemProxy */ = {
			isa = PBXContainerItemProxy;
			containerPortal = 6FD803E72123766500528531 /* Project object */;
			proxyType = 1;
			remoteGlobalIDString = 6FD803EE2123766500528531;
			remoteInfo = HowtoVote;
		};
/* End PBXContainerItemProxy section */

/* Begin PBXFileReference section */
		6FD803EF2123766500528531 /* HowtoVote.app */ = {isa = PBXFileReference; explicitFileType = wrapper.application; includeInIndex = 0; path = HowtoVote.app; sourceTree = BUILT_PRODUCTS_DIR; };
		6FD803F22123766500528531 /* AppDelegate.swift */ = {isa = PBXFileReference; lastKnownFileType = sourcecode.swift; path = AppDelegate.swift; sourceTree = "<group>"; };
		6FD803F92123766700528531 /* Assets.xcassets */ = {isa = PBXFileReference; lastKnownFileType = folder.assetcatalog; path = Assets.xcassets; sourceTree = "<group>"; };
		6FD803FC2123766700528531 /* Base */ = {isa = PBXFileReference; lastKnownFileType = file.storyboard; name = Base; path = Base.lproj/LaunchScreen.storyboard; sourceTree = "<group>"; };
		6FD803FE2123766700528531 /* Info.plist */ = {isa = PBXFileReference; lastKnownFileType = text.plist.xml; path = Info.plist; sourceTree = "<group>"; };
		6FD804032123766800528531 /* HowtoVoteTests.xctest */ = {isa = PBXFileReference; explicitFileType = wrapper.cfbundle; includeInIndex = 0; path = HowtoVoteTests.xctest; sourceTree = BUILT_PRODUCTS_DIR; };
		6FD804072123766800528531 /* HowtoVoteTests.swift */ = {isa = PBXFileReference; lastKnownFileType = sourcecode.swift; path = HowtoVoteTests.swift; sourceTree = "<group>"; };
		6FD804092123766800528531 /* Info.plist */ = {isa = PBXFileReference; lastKnownFileType = text.plist.xml; path = Info.plist; sourceTree = "<group>"; };
		6FD8040E2123766800528531 /* HowtoVoteUITests.xctest */ = {isa = PBXFileReference; explicitFileType = wrapper.cfbundle; includeInIndex = 0; path = HowtoVoteUITests.xctest; sourceTree = BUILT_PRODUCTS_DIR; };
		6FD804122123766800528531 /* HowtoVoteUITests.swift */ = {isa = PBXFileReference; lastKnownFileType = sourcecode.swift; path = HowtoVoteUITests.swift; sourceTree = "<group>"; };
		6FD804142123766800528531 /* Info.plist */ = {isa = PBXFileReference; lastKnownFileType = text.plist.xml; path = Info.plist; sourceTree = "<group>"; };
		6FD804222123773E00528531 /* SearchByAddressVC.swift */ = {isa = PBXFileReference; lastKnownFileType = sourcecode.swift; path = SearchByAddressVC.swift; sourceTree = "<group>"; };
/* End PBXFileReference section */

/* Begin PBXFrameworksBuildPhase section */
		6FD803EC2123766500528531 /* Frameworks */ = {
			isa = PBXFrameworksBuildPhase;
			buildActionMask = 2147483647;
			files = (
			);
			runOnlyForDeploymentPostprocessing = 0;
		};
		6FD804002123766800528531 /* Frameworks */ = {
			isa = PBXFrameworksBuildPhase;
			buildActionMask = 2147483647;
			files = (
			);
			runOnlyForDeploymentPostprocessing = 0;
		};
		6FD8040B2123766800528531 /* Frameworks */ = {
			isa = PBXFrameworksBuildPhase;
			buildActionMask = 2147483647;
			files = (
			);
			runOnlyForDeploymentPostprocessing = 0;
		};
/* End PBXFrameworksBuildPhase section */

/* Begin PBXGroup section */
		6FD803E62123766500528531 = {
			isa = PBXGroup;
			children = (
				6FD803F12123766500528531 /* HowtoVote */,
				6FD804062123766800528531 /* HowtoVoteTests */,
				6FD804112123766800528531 /* HowtoVoteUITests */,
				6FD803F02123766500528531 /* Products */,
			);
			sourceTree = "<group>";
		};
		6FD803F02123766500528531 /* Products */ = {
			isa = PBXGroup;
			children = (
				6FD803EF2123766500528531 /* HowtoVote.app */,
				6FD804032123766800528531 /* HowtoVoteTests.xctest */,
				6FD8040E2123766800528531 /* HowtoVoteUITests.xctest */,
			);
			name = Products;
			sourceTree = "<group>";
		};
		6FD803F12123766500528531 /* HowtoVote */ = {
			isa = PBXGroup;
			children = (
				6FD804212123771300528531 /* Models */,
				6FD80420212376FE00528531 /* View Controllers */,
				6FD803F22123766500528531 /* AppDelegate.swift */,
				6FD803F92123766700528531 /* Assets.xcassets */,
				6FD803FB2123766700528531 /* LaunchScreen.storyboard */,
				6FD803FE2123766700528531 /* Info.plist */,
			);
			path = HowtoVote;
			sourceTree = "<group>";
		};
		6FD804062123766800528531 /* HowtoVoteTests */ = {
			isa = PBXGroup;
			children = (
				6FD804072123766800528531 /* HowtoVoteTests.swift */,
				6FD804092123766800528531 /* Info.plist */,
			);
			path = HowtoVoteTests;
			sourceTree = "<group>";
		};
		6FD804112123766800528531 /* HowtoVoteUITests */ = {
			isa = PBXGroup;
			children = (
				6FD804122123766800528531 /* HowtoVoteUITests.swift */,
				6FD804142123766800528531 /* Info.plist */,
			);
			path = HowtoVoteUITests;
			sourceTree = "<group>";
		};
		6FD80420212376FE00528531 /* View Controllers */ = {
			isa = PBXGroup;
			children = (
				6FD804222123773E00528531 /* SearchByAddressVC.swift */,
			);
			path = "View Controllers";
			sourceTree = "<group>";
		};
		6FD804212123771300528531 /* Models */ = {
			isa = PBXGroup;
			children = (
			);
			path = Models;
			sourceTree = "<group>";
		};
/* End PBXGroup section */

/* Begin PBXNativeTarget section */
		6FD803EE2123766500528531 /* HowtoVote */ = {
			isa = PBXNativeTarget;
			buildConfigurationList = 6FD804172123766800528531 /* Build configuration list for PBXNativeTarget "HowtoVote" */;
			buildPhases = (
				6FD803EB2123766500528531 /* Sources */,
				6FD803EC2123766500528531 /* Frameworks */,
				6FD803ED2123766500528531 /* Resources */,
			);
			buildRules = (
			);
			dependencies = (
			);
			name = HowtoVote;
			productName = HowtoVote;
			productReference = 6FD803EF2123766500528531 /* HowtoVote.app */;
			productType = "com.apple.product-type.application";
		};
		6FD804022123766800528531 /* HowtoVoteTests */ = {
			isa = PBXNativeTarget;
			buildConfigurationList = 6FD8041A2123766800528531 /* Build configuration list for PBXNativeTarget "HowtoVoteTests" */;
			buildPhases = (
				6FD803FF2123766800528531 /* Sources */,
				6FD804002123766800528531 /* Frameworks */,
				6FD804012123766800528531 /* Resources */,
			);
			buildRules = (
			);
			dependencies = (
				6FD804052123766800528531 /* PBXTargetDependency */,
			);
			name = HowtoVoteTests;
			productName = HowtoVoteTests;
			productReference = 6FD804032123766800528531 /* HowtoVoteTests.xctest */;
			productType = "com.apple.product-type.bundle.unit-test";
		};
		6FD8040D2123766800528531 /* HowtoVoteUITests */ = {
			isa = PBXNativeTarget;
			buildConfigurationList = 6FD8041D2123766800528531 /* Build configuration list for PBXNativeTarget "HowtoVoteUITests" */;
			buildPhases = (
				6FD8040A2123766800528531 /* Sources */,
				6FD8040B2123766800528531 /* Frameworks */,
				6FD8040C2123766800528531 /* Resources */,
			);
			buildRules = (
			);
			dependencies = (
				6FD804102123766800528531 /* PBXTargetDependency */,
			);
			name = HowtoVoteUITests;
			productName = HowtoVoteUITests;
			productReference = 6FD8040E2123766800528531 /* HowtoVoteUITests.xctest */;
			productType = "com.apple.product-type.bundle.ui-testing";
		};
/* End PBXNativeTarget section */

/* Begin PBXProject section */
		6FD803E72123766500528531 /* Project object */ = {
			isa = PBXProject;
			attributes = {
				LastSwiftUpdateCheck = 0940;
				LastUpgradeCheck = 0940;
				ORGANIZATIONNAME = "Code for Orlando";
				TargetAttributes = {
					6FD803EE2123766500528531 = {
						CreatedOnToolsVersion = 9.4.1;
					};
					6FD804022123766800528531 = {
						CreatedOnToolsVersion = 9.4.1;
						TestTargetID = 6FD803EE2123766500528531;
					};
					6FD8040D2123766800528531 = {
						CreatedOnToolsVersion = 9.4.1;
						TestTargetID = 6FD803EE2123766500528531;
					};
				};
			};
			buildConfigurationList = 6FD803EA2123766500528531 /* Build configuration list for PBXProject "HowtoVote" */;
			compatibilityVersion = "Xcode 9.3";
			developmentRegion = en;
			hasScannedForEncodings = 0;
			knownRegions = (
				en,
				Base,
			);
			mainGroup = 6FD803E62123766500528531;
			productRefGroup = 6FD803F02123766500528531 /* Products */;
			projectDirPath = "";
			projectRoot = "";
			targets = (
				6FD803EE2123766500528531 /* HowtoVote */,
				6FD804022123766800528531 /* HowtoVoteTests */,
				6FD8040D2123766800528531 /* HowtoVoteUITests */,
			);
		};
/* End PBXProject section */

/* Begin PBXResourcesBuildPhase section */
		6FD803ED2123766500528531 /* Resources */ = {
			isa = PBXResourcesBuildPhase;
			buildActionMask = 2147483647;
			files = (
				6FD803FD2123766700528531 /* LaunchScreen.storyboard in Resources */,
				6FD803FA2123766700528531 /* Assets.xcassets in Resources */,
			);
			runOnlyForDeploymentPostprocessing = 0;
		};
		6FD804012123766800528531 /* Resources */ = {
			isa = PBXResourcesBuildPhase;
			buildActionMask = 2147483647;
			files = (
			);
			runOnlyForDeploymentPostprocessing = 0;
		};
		6FD8040C2123766800528531 /* Resources */ = {
			isa = PBXResourcesBuildPhase;
			buildActionMask = 2147483647;
			files = (
			);
			runOnlyForDeploymentPostprocessing = 0;
		};
/* End PBXResourcesBuildPhase section */

/* Begin PBXSourcesBuildPhase section */
		6FD803EB2123766500528531 /* Sources */ = {
			isa = PBXSourcesBuildPhase;
			buildActionMask = 2147483647;
			files = (
				6FD804232123773E00528531 /* SearchByAddressVC.swift in Sources */,
				6FD803F32123766500528531 /* AppDelegate.swift in Sources */,
			);
			runOnlyForDeploymentPostprocessing = 0;
		};
		6FD803FF2123766800528531 /* Sources */ = {
			isa = PBXSourcesBuildPhase;
			buildActionMask = 2147483647;
			files = (
				6FD804242123773E00528531 /* SearchByAddressVC.swift in Sources */,
				6FD804082123766800528531 /* HowtoVoteTests.swift in Sources */,
			);
			runOnlyForDeploymentPostprocessing = 0;
		};
		6FD8040A2123766800528531 /* Sources */ = {
			isa = PBXSourcesBuildPhase;
			buildActionMask = 2147483647;
			files = (
				6FD804252123773E00528531 /* SearchByAddressVC.swift in Sources */,
				6FD804132123766800528531 /* HowtoVoteUITests.swift in Sources */,
			);
			runOnlyForDeploymentPostprocessing = 0;
		};
/* End PBXSourcesBuildPhase section */

/* Begin PBXTargetDependency section */
		6FD804052123766800528531 /* PBXTargetDependency */ = {
			isa = PBXTargetDependency;
			target = 6FD803EE2123766500528531 /* HowtoVote */;
			targetProxy = 6FD804042123766800528531 /* PBXContainerItemProxy */;
		};
		6FD804102123766800528531 /* PBXTargetDependency */ = {
			isa = PBXTargetDependency;
			target = 6FD803EE2123766500528531 /* HowtoVote */;
			targetProxy = 6FD8040F2123766800528531 /* PBXContainerItemProxy */;
		};
/* End PBXTargetDependency section */

/* Begin PBXVariantGroup section */
		6FD803FB2123766700528531 /* LaunchScreen.storyboard */ = {
			isa = PBXVariantGroup;
			children = (
				6FD803FC2123766700528531 /* Base */,
			);
			name = LaunchScreen.storyboard;
			sourceTree = "<group>";
		};
/* End PBXVariantGroup section */

/* Begin XCBuildConfiguration section */
		6FD804152123766800528531 /* Debug */ = {
			isa = XCBuildConfiguration;
			buildSettings = {
				ALWAYS_SEARCH_USER_PATHS = NO;
				CLANG_ANALYZER_NONNULL = YES;
				CLANG_ANALYZER_NUMBER_OBJECT_CONVERSION = YES_AGGRESSIVE;
				CLANG_CXX_LANGUAGE_STANDARD = "gnu++14";
				CLANG_CXX_LIBRARY = "libc++";
				CLANG_ENABLE_MODULES = YES;
				CLANG_ENABLE_OBJC_ARC = YES;
				CLANG_ENABLE_OBJC_WEAK = YES;
				CLANG_WARN_BLOCK_CAPTURE_AUTORELEASING = YES;
				CLANG_WARN_BOOL_CONVERSION = YES;
				CLANG_WARN_COMMA = YES;
				CLANG_WARN_CONSTANT_CONVERSION = YES;
				CLANG_WARN_DEPRECATED_OBJC_IMPLEMENTATIONS = YES;
				CLANG_WARN_DIRECT_OBJC_ISA_USAGE = YES_ERROR;
				CLANG_WARN_DOCUMENTATION_COMMENTS = YES;
				CLANG_WARN_EMPTY_BODY = YES;
				CLANG_WARN_ENUM_CONVERSION = YES;
				CLANG_WARN_INFINITE_RECURSION = YES;
				CLANG_WARN_INT_CONVERSION = YES;
				CLANG_WARN_NON_LITERAL_NULL_CONVERSION = YES;
				CLANG_WARN_OBJC_IMPLICIT_RETAIN_SELF = YES;
				CLANG_WARN_OBJC_LITERAL_CONVERSION = YES;
				CLANG_WARN_OBJC_ROOT_CLASS = YES_ERROR;
				CLANG_WARN_RANGE_LOOP_ANALYSIS = YES;
				CLANG_WARN_STRICT_PROTOTYPES = YES;
				CLANG_WARN_SUSPICIOUS_MOVE = YES;
				CLANG_WARN_UNGUARDED_AVAILABILITY = YES_AGGRESSIVE;
				CLANG_WARN_UNREACHABLE_CODE = YES;
				CLANG_WARN__DUPLICATE_METHOD_MATCH = YES;
				CODE_SIGN_IDENTITY = "iPhone Developer";
				COPY_PHASE_STRIP = NO;
				DEBUG_INFORMATION_FORMAT = dwarf;
				ENABLE_STRICT_OBJC_MSGSEND = YES;
				ENABLE_TESTABILITY = YES;
				GCC_C_LANGUAGE_STANDARD = gnu11;
				GCC_DYNAMIC_NO_PIC = NO;
				GCC_NO_COMMON_BLOCKS = YES;
				GCC_OPTIMIZATION_LEVEL = 0;
				GCC_PREPROCESSOR_DEFINITIONS = (
					"DEBUG=1",
					"$(inherited)",
				);
				GCC_WARN_64_TO_32_BIT_CONVERSION = YES;
				GCC_WARN_ABOUT_RETURN_TYPE = YES_ERROR;
				GCC_WARN_UNDECLARED_SELECTOR = YES;
				GCC_WARN_UNINITIALIZED_AUTOS = YES_AGGRESSIVE;
				GCC_WARN_UNUSED_FUNCTION = YES;
				GCC_WARN_UNUSED_VARIABLE = YES;
				IPHONEOS_DEPLOYMENT_TARGET = 11.4;
				MTL_ENABLE_DEBUG_INFO = YES;
				ONLY_ACTIVE_ARCH = YES;
				SDKROOT = iphoneos;
				SWIFT_ACTIVE_COMPILATION_CONDITIONS = DEBUG;
				SWIFT_OPTIMIZATION_LEVEL = "-Onone";
			};
			name = Debug;
		};
		6FD804162123766800528531 /* Release */ = {
			isa = XCBuildConfiguration;
			buildSettings = {
				ALWAYS_SEARCH_USER_PATHS = NO;
				CLANG_ANALYZER_NONNULL = YES;
				CLANG_ANALYZER_NUMBER_OBJECT_CONVERSION = YES_AGGRESSIVE;
				CLANG_CXX_LANGUAGE_STANDARD = "gnu++14";
				CLANG_CXX_LIBRARY = "libc++";
				CLANG_ENABLE_MODULES = YES;
				CLANG_ENABLE_OBJC_ARC = YES;
				CLANG_ENABLE_OBJC_WEAK = YES;
				CLANG_WARN_BLOCK_CAPTURE_AUTORELEASING = YES;
				CLANG_WARN_BOOL_CONVERSION = YES;
				CLANG_WARN_COMMA = YES;
				CLANG_WARN_CONSTANT_CONVERSION = YES;
				CLANG_WARN_DEPRECATED_OBJC_IMPLEMENTATIONS = YES;
				CLANG_WARN_DIRECT_OBJC_ISA_USAGE = YES_ERROR;
				CLANG_WARN_DOCUMENTATION_COMMENTS = YES;
				CLANG_WARN_EMPTY_BODY = YES;
				CLANG_WARN_ENUM_CONVERSION = YES;
				CLANG_WARN_INFINITE_RECURSION = YES;
				CLANG_WARN_INT_CONVERSION = YES;
				CLANG_WARN_NON_LITERAL_NULL_CONVERSION = YES;
				CLANG_WARN_OBJC_IMPLICIT_RETAIN_SELF = YES;
				CLANG_WARN_OBJC_LITERAL_CONVERSION = YES;
				CLANG_WARN_OBJC_ROOT_CLASS = YES_ERROR;
				CLANG_WARN_RANGE_LOOP_ANALYSIS = YES;
				CLANG_WARN_STRICT_PROTOTYPES = YES;
				CLANG_WARN_SUSPICIOUS_MOVE = YES;
				CLANG_WARN_UNGUARDED_AVAILABILITY = YES_AGGRESSIVE;
				CLANG_WARN_UNREACHABLE_CODE = YES;
				CLANG_WARN__DUPLICATE_METHOD_MATCH = YES;
				CODE_SIGN_IDENTITY = "iPhone Developer";
				COPY_PHASE_STRIP = NO;
				DEBUG_INFORMATION_FORMAT = "dwarf-with-dsym";
				ENABLE_NS_ASSERTIONS = NO;
				ENABLE_STRICT_OBJC_MSGSEND = YES;
				GCC_C_LANGUAGE_STANDARD = gnu11;
				GCC_NO_COMMON_BLOCKS = YES;
				GCC_WARN_64_TO_32_BIT_CONVERSION = YES;
				GCC_WARN_ABOUT_RETURN_TYPE = YES_ERROR;
				GCC_WARN_UNDECLARED_SELECTOR = YES;
				GCC_WARN_UNINITIALIZED_AUTOS = YES_AGGRESSIVE;
				GCC_WARN_UNUSED_FUNCTION = YES;
				GCC_WARN_UNUSED_VARIABLE = YES;
				IPHONEOS_DEPLOYMENT_TARGET = 11.4;
				MTL_ENABLE_DEBUG_INFO = NO;
				SDKROOT = iphoneos;
				SWIFT_COMPILATION_MODE = wholemodule;
				SWIFT_OPTIMIZATION_LEVEL = "-O";
				VALIDATE_PRODUCT = YES;
			};
			name = Release;
		};
		6FD804182123766800528531 /* Debug */ = {
			isa = XCBuildConfiguration;
			buildSettings = {
				ASSETCATALOG_COMPILER_APPICON_NAME = AppIcon;
				CODE_SIGN_STYLE = Automatic;
				INFOPLIST_FILE = HowtoVote/Info.plist;
				LD_RUNPATH_SEARCH_PATHS = (
					"$(inherited)",
					"@executable_path/Frameworks",
				);
				PRODUCT_BUNDLE_IDENTIFIER = com.codefororlando.HowtoVote;
				PRODUCT_NAME = "$(TARGET_NAME)";
				SWIFT_VERSION = 4.0;
				TARGETED_DEVICE_FAMILY = "1,2";
			};
			name = Debug;
		};
		6FD804192123766800528531 /* Release */ = {
			isa = XCBuildConfiguration;
			buildSettings = {
				ASSETCATALOG_COMPILER_APPICON_NAME = AppIcon;
				CODE_SIGN_STYLE = Automatic;
				INFOPLIST_FILE = HowtoVote/Info.plist;
				LD_RUNPATH_SEARCH_PATHS = (
					"$(inherited)",
					"@executable_path/Frameworks",
				);
				PRODUCT_BUNDLE_IDENTIFIER = com.codefororlando.HowtoVote;
				PRODUCT_NAME = "$(TARGET_NAME)";
				SWIFT_VERSION = 4.0;
				TARGETED_DEVICE_FAMILY = "1,2";
			};
			name = Release;
		};
		6FD8041B2123766800528531 /* Debug */ = {
			isa = XCBuildConfiguration;
			buildSettings = {
				ALWAYS_EMBED_SWIFT_STANDARD_LIBRARIES = YES;
				BUNDLE_LOADER = "$(TEST_HOST)";
				CODE_SIGN_STYLE = Automatic;
				INFOPLIST_FILE = HowtoVoteTests/Info.plist;
				LD_RUNPATH_SEARCH_PATHS = (
					"$(inherited)",
					"@executable_path/Frameworks",
					"@loader_path/Frameworks",
				);
				PRODUCT_BUNDLE_IDENTIFIER = com.codefororlando.HowtoVoteTests;
				PRODUCT_NAME = "$(TARGET_NAME)";
				SWIFT_VERSION = 4.0;
				TARGETED_DEVICE_FAMILY = "1,2";
				TEST_HOST = "$(BUILT_PRODUCTS_DIR)/HowtoVote.app/HowtoVote";
			};
			name = Debug;
		};
		6FD8041C2123766800528531 /* Release */ = {
			isa = XCBuildConfiguration;
			buildSettings = {
				ALWAYS_EMBED_SWIFT_STANDARD_LIBRARIES = YES;
				BUNDLE_LOADER = "$(TEST_HOST)";
				CODE_SIGN_STYLE = Automatic;
				INFOPLIST_FILE = HowtoVoteTests/Info.plist;
				LD_RUNPATH_SEARCH_PATHS = (
					"$(inherited)",
					"@executable_path/Frameworks",
					"@loader_path/Frameworks",
				);
				PRODUCT_BUNDLE_IDENTIFIER = com.codefororlando.HowtoVoteTests;
				PRODUCT_NAME = "$(TARGET_NAME)";
				SWIFT_VERSION = 4.0;
				TARGETED_DEVICE_FAMILY = "1,2";
				TEST_HOST = "$(BUILT_PRODUCTS_DIR)/HowtoVote.app/HowtoVote";
			};
			name = Release;
		};
		6FD8041E2123766800528531 /* Debug */ = {
			isa = XCBuildConfiguration;
			buildSettings = {
				ALWAYS_EMBED_SWIFT_STANDARD_LIBRARIES = YES;
				CODE_SIGN_STYLE = Automatic;
				INFOPLIST_FILE = HowtoVoteUITests/Info.plist;
				LD_RUNPATH_SEARCH_PATHS = (
					"$(inherited)",
					"@executable_path/Frameworks",
					"@loader_path/Frameworks",
				);
				PRODUCT_BUNDLE_IDENTIFIER = com.codefororlando.HowtoVoteUITests;
				PRODUCT_NAME = "$(TARGET_NAME)";
				SWIFT_VERSION = 4.0;
				TARGETED_DEVICE_FAMILY = "1,2";
				TEST_TARGET_NAME = HowtoVote;
			};
			name = Debug;
		};
		6FD8041F2123766800528531 /* Release */ = {
			isa = XCBuildConfiguration;
			buildSettings = {
				ALWAYS_EMBED_SWIFT_STANDARD_LIBRARIES = YES;
				CODE_SIGN_STYLE = Automatic;
				INFOPLIST_FILE = HowtoVoteUITests/Info.plist;
				LD_RUNPATH_SEARCH_PATHS = (
					"$(inherited)",
					"@executable_path/Frameworks",
					"@loader_path/Frameworks",
				);
				PRODUCT_BUNDLE_IDENTIFIER = com.codefororlando.HowtoVoteUITests;
				PRODUCT_NAME = "$(TARGET_NAME)";
				SWIFT_VERSION = 4.0;
				TARGETED_DEVICE_FAMILY = "1,2";
				TEST_TARGET_NAME = HowtoVote;
			};
			name = Release;
		};
/* End XCBuildConfiguration section */

/* Begin XCConfigurationList section */
		6FD803EA2123766500528531 /* Build configuration list for PBXProject "HowtoVote" */ = {
			isa = XCConfigurationList;
			buildConfigurations = (
				6FD804152123766800528531 /* Debug */,
				6FD804162123766800528531 /* Release */,
			);
			defaultConfigurationIsVisible = 0;
			defaultConfigurationName = Release;
		};
		6FD804172123766800528531 /* Build configuration list for PBXNativeTarget "HowtoVote" */ = {
			isa = XCConfigurationList;
			buildConfigurations = (
				6FD804182123766800528531 /* Debug */,
				6FD804192123766800528531 /* Release */,
			);
			defaultConfigurationIsVisible = 0;
			defaultConfigurationName = Release;
		};
		6FD8041A2123766800528531 /* Build configuration list for PBXNativeTarget "HowtoVoteTests" */ = {
			isa = XCConfigurationList;
			buildConfigurations = (
				6FD8041B2123766800528531 /* Debug */,
				6FD8041C2123766800528531 /* Release */,
			);
			defaultConfigurationIsVisible = 0;
			defaultConfigurationName = Release;
		};
		6FD8041D2123766800528531 /* Build configuration list for PBXNativeTarget "HowtoVoteUITests" */ = {
			isa = XCConfigurationList;
			buildConfigurations = (
				6FD8041E2123766800528531 /* Debug */,
				6FD8041F2123766800528531 /* Release */,
			);
			defaultConfigurationIsVisible = 0;
			defaultConfigurationName = Release;
		};
/* End XCConfigurationList section */
	};
	rootObject = 6FD803E72123766500528531 /* Project object */;
}
